
Microsoft Visual Studio Solution File, Format Version 12.00
# Visual Studio 15
Project("{FAE04EC0-301F-11D3-BF4B-00C04F79EFBC}") = "PlaygroundProject", "PlaygroundProject.csproj", "{2FEAE896-9ABE-26E8-7EA0-E02597FCB15C}"
EndProject
Project("{FAE04EC0-301F-11D3-BF4B-00C04F79EFBC}") = "PlaygroundProject.Editor", "PlaygroundProject.Editor.csproj", "{CA2E7496-AD64-3DC5-A8E3-8DE7B54B3EFB}"
EndProject
Global
	GlobalSection(SolutionConfigurationPlatforms) = preSolution
		Debug|Any CPU = Debug|Any CPU
		Release|Any CPU = Release|Any CPU
	EndGlobalSection
	GlobalSection(ProjectConfigurationPlatforms) = postSolution
		{2FEAE896-9ABE-26E8-7EA0-E02597FCB15C}.Debug|Any CPU.ActiveCfg = Debug|Any CPU
		{2FEAE896-9ABE-26E8-7EA0-E02597FCB15C}.Debug|Any CPU.Build.0 = Debug|Any CPU
		{2FEAE896-9ABE-26E8-7EA0-E02597FCB15C}.Release|Any CPU.ActiveCfg = Release|Any CPU
		{2FEAE896-9ABE-26E8-7EA0-E02597FCB15C}.Release|Any CPU.Build.0 = Release|Any CPU
		{CA2E7496-AD64-3DC5-A8E3-8DE7B54B3EFB}.Debug|Any CPU.ActiveCfg = Debug|Any CPU
		{CA2E7496-AD64-3DC5-A8E3-8DE7B54B3EFB}.Debug|Any CPU.Build.0 = Debug|Any CPU
		{CA2E7496-AD64-3DC5-A8E3-8DE7B54B3EFB}.Release|Any CPU.ActiveCfg = Release|Any CPU
		{CA2E7496-AD64-3DC5-A8E3-8DE7B54B3EFB}.Release|Any CPU.Build.0 = Release|Any CPU
	EndGlobalSection
	GlobalSection(SolutionProperties) = preSolution
		HideSolutionNode = FALSE
	EndGlobalSection
EndGlobal
